
Microsoft Visual Studio Solution File, Format Version 12.00
# Visual Studio for Mac
Project("{FAE04EC0-301F-11D3-BF4B-00C04F79EFBC}") = "Assembly-CSharp", "Assembly-CSharp.csproj", "{4937355D-DA5F-4E7B-A18E-9A7E0A2213AA}"
EndProject
Project("{FAE04EC0-301F-11D3-BF4B-00C04F79EFBC}") = "Assembly-CSharp-Editor", "Assembly-CSharp-Editor.csproj", "{69ADC80F-6ECD-9C42-9516-7999E8DC9810}"
EndProject
Global
	GlobalSection(SolutionConfigurationPlatforms) = preSolution
		Debug|Any CPU = Debug|Any CPU
		Release|Any CPU = Release|Any CPU
	EndGlobalSection
	GlobalSection(ProjectConfigurationPlatforms) = postSolution
		{4937355D-DA5F-4E7B-A18E-9A7E0A2213AA}.Debug|Any CPU.ActiveCfg = Debug|Any CPU
		{4937355D-DA5F-4E7B-A18E-9A7E0A2213AA}.Debug|Any CPU.Build.0 = Debug|Any CPU
		{4937355D-DA5F-4E7B-A18E-9A7E0A2213AA}.Release|Any CPU.ActiveCfg = Release|Any CPU
		{4937355D-DA5F-4E7B-A18E-9A7E0A2213AA}.Release|Any CPU.Build.0 = Release|Any CPU
		{69ADC80F-6ECD-9C42-9516-7999E8DC9810}.Debug|Any CPU.ActiveCfg = Debug|Any CPU
		{69ADC80F-6ECD-9C42-9516-7999E8DC9810}.Debug|Any CPU.Build.0 = Debug|Any CPU
		{69ADC80F-6ECD-9C42-9516-7999E8DC9810}.Release|Any CPU.ActiveCfg = Release|Any CPU
		{69ADC80F-6ECD-9C42-9516-7999E8DC9810}.Release|Any CPU.Build.0 = Release|Any CPU
	EndGlobalSection
	GlobalSection(SolutionProperties) = preSolution
		HideSolutionNode = FALSE
	EndGlobalSection
EndGlobal
